
Microsoft Visual Studio Solution File, Format Version 12.00
# Visual Studio 2012
Project("{FAE04EC0-301F-11D3-BF4B-00C04F79EFBC}") = "RedTapeWeb", "RedTapeWeb\RedTapeWeb.csproj", "{636B4959-BC9C-4E4A-83E2-7D7CF472BBB2}"
EndProject
Project("{FAE04EC0-301F-11D3-BF4B-00C04F79EFBC}") = "DAL", "DAL\DAL.csproj", "{93ED2C88-A9D8-4402-BA57-52906D33971C}"
EndProject
Project("{FAE04EC0-301F-11D3-BF4B-00C04F79EFBC}") = "BAL", "BAL\BAL.csproj", "{6FBC61F4-CC39-4A8B-9823-E9DFD07BDE92}"
EndProject
Global
	GlobalSection(SolutionConfigurationPlatforms) = preSolution
		Debug|Any CPU = Debug|Any CPU
		Release|Any CPU = Release|Any CPU
	EndGlobalSection
	GlobalSection(ProjectConfigurationPlatforms) = postSolution
		{636B4959-BC9C-4E4A-83E2-7D7CF472BBB2}.Debug|Any CPU.ActiveCfg = Debug|Any CPU
		{636B4959-BC9C-4E4A-83E2-7D7CF472BBB2}.Debug|Any CPU.Build.0 = Debug|Any CPU
		{636B4959-BC9C-4E4A-83E2-7D7CF472BBB2}.Release|Any CPU.ActiveCfg = Release|Any CPU
		{636B4959-BC9C-4E4A-83E2-7D7CF472BBB2}.Release|Any CPU.Build.0 = Release|Any CPU
		{93ED2C88-A9D8-4402-BA57-52906D33971C}.Debug|Any CPU.ActiveCfg = Debug|Any CPU
		{93ED2C88-A9D8-4402-BA57-52906D33971C}.Debug|Any CPU.Build.0 = Debug|Any CPU
		{93ED2C88-A9D8-4402-BA57-52906D33971C}.Release|Any CPU.ActiveCfg = Release|Any CPU
		{93ED2C88-A9D8-4402-BA57-52906D33971C}.Release|Any CPU.Build.0 = Release|Any CPU
		{6FBC61F4-CC39-4A8B-9823-E9DFD07BDE92}.Debug|Any CPU.ActiveCfg = Debug|Any CPU
		{6FBC61F4-CC39-4A8B-9823-E9DFD07BDE92}.Debug|Any CPU.Build.0 = Debug|Any CPU
		{6FBC61F4-CC39-4A8B-9823-E9DFD07BDE92}.Release|Any CPU.ActiveCfg = Release|Any CPU
		{6FBC61F4-CC39-4A8B-9823-E9DFD07BDE92}.Release|Any CPU.Build.0 = Release|Any CPU
	EndGlobalSection
	GlobalSection(SolutionProperties) = preSolution
		HideSolutionNode = FALSE
	EndGlobalSection
EndGlobal
